<Solution>
  <Folder Name="/src/">
    <Project Path="src/Vivarium.Api/Vivarium.Api.csproj" />
    <Project Path="src/Vivarium.Core/Vivarium.Core.csproj" />
  </Folder>
  <Folder Name="/tests/">
    <Project Path="tests/Vivarium.Api.Tests/Vivarium.Api.Tests.csproj" />
    <Project Path="tests/Vivarium.Core.Tests/Vivarium.Core.Tests.csproj" />
  </Folder>
  <Folder Name="/tools/">
    <Project Path="tools/Vivarium.Simulation/Vivarium.Simulation.csproj" />
    <Project Path="tools/Vivarium.AdminReset/Vivarium.AdminReset.csproj" />
  </Folder>
</Solution>
